
Microsoft Visual Studio Solution File, Format Version 12.00
# Visual Studio Version 16
VisualStudioVersion = 16.0.31515.178
MinimumVisualStudioVersion = 10.0.40219.1
Project("{FAE04EC0-301F-11D3-BF4B-00C04F79EFBC}") = "digest-auth-test", "digest-auth-test.csproj", "{B6A1AD22-694D-44F9-A2D8-95CFA5AD3BC2}"
EndProject
Global
	GlobalSection(SolutionConfigurationPlatforms) = preSolution
		Debug|Any CPU = Debug|Any CPU
		Release|Any CPU = Release|Any CPU
	EndGlobalSection
	GlobalSection(ProjectConfigurationPlatforms) = postSolution
		{B6A1AD22-694D-44F9-A2D8-95CFA5AD3BC2}.Debug|Any CPU.ActiveCfg = Debug|Any CPU
		{B6A1AD22-694D-44F9-A2D8-95CFA5AD3BC2}.Debug|Any CPU.Build.0 = Debug|Any CPU
		{B6A1AD22-694D-44F9-A2D8-95CFA5AD3BC2}.Release|Any CPU.ActiveCfg = Release|Any CPU
		{B6A1AD22-694D-44F9-A2D8-95CFA5AD3BC2}.Release|Any CPU.Build.0 = Release|Any CPU
	EndGlobalSection
	GlobalSection(SolutionProperties) = preSolution
		HideSolutionNode = FALSE
	EndGlobalSection
	GlobalSection(ExtensibilityGlobals) = postSolution
		SolutionGuid = {439F48A9-9DA5-45DE-BD83-B8EB85499B59}
	EndGlobalSection
EndGlobal
